// !$*UTF8*$!
{
	archiveVersion = 1;
	classes = {
	};
	objectVersion = 55;
	objects = {

/* Begin PBXBuildFile section */
		04A9087F297EC8A9008FBC31 /* Unsplash_no3Party_App.swift in Sources */ = {isa = PBXBuildFile; fileRef = 04A9087E297EC8A9008FBC31 /* Unsplash_no3Party_App.swift */; };
		04A90881297EC8A9008FBC31 /* ContentView.swift in Sources */ = {isa = PBXBuildFile; fileRef = 04A90880297EC8A9008FBC31 /* ContentView.swift */; };
		04A90883297EC8AC008FBC31 /* Assets.xcassets in Resources */ = {isa = PBXBuildFile; fileRef = 04A90882297EC8AC008FBC31 /* Assets.xcassets */; };
		04A90886297EC8AC008FBC31 /* Preview Assets.xcassets in Resources */ = {isa = PBXBuildFile; fileRef = 04A90885297EC8AC008FBC31 /* Preview Assets.xcassets */; };
		04A9088E297EC923008FBC31 /* Home.swift in Sources */ = {isa = PBXBuildFile; fileRef = 04A9088D297EC923008FBC31 /* Home.swift */; };
		04A90890297EC9C3008FBC31 /* DeteilView.swift in Sources */ = {isa = PBXBuildFile; fileRef = 04A9088F297EC9C3008FBC31 /* DeteilView.swift */; };
		04A90893297ECA48008FBC31 /* Network.swift in Sources */ = {isa = PBXBuildFile; fileRef = 04A90892297ECA48008FBC31 /* Network.swift */; };
		04A90896297ECA6D008FBC31 /* Model.swift in Sources */ = {isa = PBXBuildFile; fileRef = 04A90895297ECA6D008FBC31 /* Model.swift */; };
/* End PBXBuildFile section */

/* Begin PBXFileReference section */
		04A9087B297EC8A9008FBC31 /* Unsplash(no3Party).app */ = {isa = PBXFileReference; explicitFileType = wrapper.application; includeInIndex = 0; path = "Unsplash(no3Party).app"; sourceTree = BUILT_PRODUCTS_DIR; };
		04A9087E297EC8A9008FBC31 /* Unsplash_no3Party_App.swift */ = {isa = PBXFileReference; lastKnownFileType = sourcecode.swift; path = Unsplash_no3Party_App.swift; sourceTree = "<group>"; };
		04A90880297EC8A9008FBC31 /* ContentView.swift */ = {isa = PBXFileReference; lastKnownFileType = sourcecode.swift; path = ContentView.swift; sourceTree = "<group>"; };
		04A90882297EC8AC008FBC31 /* Assets.xcassets */ = {isa = PBXFileReference; lastKnownFileType = folder.assetcatalog; path = Assets.xcassets; sourceTree = "<group>"; };
		04A90885297EC8AC008FBC31 /* Preview Assets.xcassets */ = {isa = PBXFileReference; lastKnownFileType = folder.assetcatalog; path = "Preview Assets.xcassets"; sourceTree = "<group>"; };
		04A9088D297EC923008FBC31 /* Home.swift */ = {isa = PBXFileReference; lastKnownFileType = sourcecode.swift; path = Home.swift; sourceTree = "<group>"; };
		04A9088F297EC9C3008FBC31 /* DeteilView.swift */ = {isa = PBXFileReference; lastKnownFileType = sourcecode.swift; path = DeteilView.swift; sourceTree = "<group>"; };
		04A90892297ECA48008FBC31 /* Network.swift */ = {isa = PBXFileReference; lastKnownFileType = sourcecode.swift; path = Network.swift; sourceTree = "<group>"; };
		04A90895297ECA6D008FBC31 /* Model.swift */ = {isa = PBXFileReference; lastKnownFileType = sourcecode.swift; path = Model.swift; sourceTree = "<group>"; };
/* End PBXFileReference section */

/* Begin PBXFrameworksBuildPhase section */
		04A90878297EC8A9008FBC31 /* Frameworks */ = {
			isa = PBXFrameworksBuildPhase;
			buildActionMask = 2147483647;
			files = (
			);
			runOnlyForDeploymentPostprocessing = 0;
		};
/* End PBXFrameworksBuildPhase section */

/* Begin PBXGroup section */
		04A90872297EC8A9008FBC31 = {
			isa = PBXGroup;
			children = (
				04A9087D297EC8A9008FBC31 /* Unsplash(no3Party) */,
				04A9087C297EC8A9008FBC31 /* Products */,
			);
			sourceTree = "<group>";
		};
		04A9087C297EC8A9008FBC31 /* Products */ = {
			isa = PBXGroup;
			children = (
				04A9087B297EC8A9008FBC31 /* Unsplash(no3Party).app */,
			);
			name = Products;
			sourceTree = "<group>";
		};
		04A9087D297EC8A9008FBC31 /* Unsplash(no3Party) */ = {
			isa = PBXGroup;
			children = (
				04A9087E297EC8A9008FBC31 /* Unsplash_no3Party_App.swift */,
				04A90880297EC8A9008FBC31 /* ContentView.swift */,
				04A9088C297EC8DA008FBC31 /* View */,
				04A90891297ECA31008FBC31 /* Network */,
				04A90894297ECA5A008FBC31 /* Model */,
				04A90882297EC8AC008FBC31 /* Assets.xcassets */,
				04A90884297EC8AC008FBC31 /* Preview Content */,
			);
			path = "Unsplash(no3Party)";
			sourceTree = "<group>";
		};
		04A90884297EC8AC008FBC31 /* Preview Content */ = {
			isa = PBXGroup;
			children = (
				04A90885297EC8AC008FBC31 /* Preview Assets.xcassets */,
			);
			path = "Preview Content";
			sourceTree = "<group>";
		};
		04A9088C297EC8DA008FBC31 /* View */ = {
			isa = PBXGroup;
			children = (
				04A9088D297EC923008FBC31 /* Home.swift */,
				04A9088F297EC9C3008FBC31 /* DeteilView.swift */,
			);
			path = View;
			sourceTree = "<group>";
		};
		04A90891297ECA31008FBC31 /* Network */ = {
			isa = PBXGroup;
			children = (
				04A90892297ECA48008FBC31 /* Network.swift */,
			);
			path = Network;
			sourceTree = "<group>";
		};
		04A90894297ECA5A008FBC31 /* Model */ = {
			isa = PBXGroup;
			children = (
				04A90895297ECA6D008FBC31 /* Model.swift */,
			);
			path = Model;
			sourceTree = "<group>";
		};
/* End PBXGroup section */

/* Begin PBXNativeTarget section */
		04A9087A297EC8A9008FBC31 /* Unsplash(no3Party) */ = {
			isa = PBXNativeTarget;
			buildConfigurationList = 04A90889297EC8AC008FBC31 /* Build configuration list for PBXNativeTarget "Unsplash(no3Party)" */;
			buildPhases = (
				04A90877297EC8A9008FBC31 /* Sources */,
				04A90878297EC8A9008FBC31 /* Frameworks */,
				04A90879297EC8A9008FBC31 /* Resources */,
			);
			buildRules = (
			);
			dependencies = (
			);
			name = "Unsplash(no3Party)";
			productName = "Unsplash(no3Party)";
			productReference = 04A9087B297EC8A9008FBC31 /* Unsplash(no3Party).app */;
			productType = "com.apple.product-type.application";
		};
/* End PBXNativeTarget section */

/* Begin PBXProject section */
		04A90873297EC8A9008FBC31 /* Project object */ = {
			isa = PBXProject;
			attributes = {
				BuildIndependentTargetsInParallel = 1;
				LastSwiftUpdateCheck = 1320;
				LastUpgradeCheck = 1320;
				TargetAttributes = {
					04A9087A297EC8A9008FBC31 = {
						CreatedOnToolsVersion = 13.2.1;
					};
				};
			};
			buildConfigurationList = 04A90876297EC8A9008FBC31 /* Build configuration list for PBXProject "Unsplash(no3Party)" */;
			compatibilityVersion = "Xcode 13.0";
			developmentRegion = en;
			hasScannedForEncodings = 0;
			knownRegions = (
				en,
				Base,
			);
			mainGroup = 04A90872297EC8A9008FBC31;
			productRefGroup = 04A9087C297EC8A9008FBC31 /* Products */;
			projectDirPath = "";
			projectRoot = "";
			targets = (
				04A9087A297EC8A9008FBC31 /* Unsplash(no3Party) */,
			);
		};
/* End PBXProject section */

/* Begin PBXResourcesBuildPhase section */
		04A90879297EC8A9008FBC31 /* Resources */ = {
			isa = PBXResourcesBuildPhase;
			buildActionMask = 2147483647;
			files = (
				04A90886297EC8AC008FBC31 /* Preview Assets.xcassets in Resources */,
				04A90883297EC8AC008FBC31 /* Assets.xcassets in Resources */,
			);
			runOnlyForDeploymentPostprocessing = 0;
		};
/* End PBXResourcesBuildPhase section */

/* Begin PBXSourcesBuildPhase section */
		04A90877297EC8A9008FBC31 /* Sources */ = {
			isa = PBXSourcesBuildPhase;
			buildActionMask = 2147483647;
			files = (
				04A90893297ECA48008FBC31 /* Network.swift in Sources */,
				04A90881297EC8A9008FBC31 /* ContentView.swift in Sources */,
				04A90890297EC9C3008FBC31 /* DeteilView.swift in Sources */,
				04A90896297ECA6D008FBC31 /* Model.swift in Sources */,
				04A9088E297EC923008FBC31 /* Home.swift in Sources */,
				04A9087F297EC8A9008FBC31 /* Unsplash_no3Party_App.swift in Sources */,
			);
			runOnlyForDeploymentPostprocessing = 0;
		};
/* End PBXSourcesBuildPhase section */

/* Begin XCBuildConfiguration section */
		04A90887297EC8AC008FBC31 /* Debug */ = {
			isa = XCBuildConfiguration;
			buildSettings = {
				ALWAYS_SEARCH_USER_PATHS = NO;
				CLANG_ANALYZER_NONNULL = YES;
				CLANG_ANALYZER_NUMBER_OBJECT_CONVERSION = YES_AGGRESSIVE;
				CLANG_CXX_LANGUAGE_STANDARD = "gnu++17";
				CLANG_CXX_LIBRARY = "libc++";
				CLANG_ENABLE_MODULES = YES;
				CLANG_ENABLE_OBJC_ARC = YES;
				CLANG_ENABLE_OBJC_WEAK = YES;
				CLANG_WARN_BLOCK_CAPTURE_AUTORELEASING = YES;
				CLANG_WARN_BOOL_CONVERSION = YES;
				CLANG_WARN_COMMA = YES;
				CLANG_WARN_CONSTANT_CONVERSION = YES;
				CLANG_WARN_DEPRECATED_OBJC_IMPLEMENTATIONS = YES;
				CLANG_WARN_DIRECT_OBJC_ISA_USAGE = YES_ERROR;
				CLANG_WARN_DOCUMENTATION_COMMENTS = YES;
				CLANG_WARN_EMPTY_BODY = YES;
				CLANG_WARN_ENUM_CONVERSION = YES;
				CLANG_WARN_INFINITE_RECURSION = YES;
				CLANG_WARN_INT_CONVERSION = YES;
				CLANG_WARN_NON_LITERAL_NULL_CONVERSION = YES;
				CLANG_WARN_OBJC_IMPLICIT_RETAIN_SELF = YES;
				CLANG_WARN_OBJC_LITERAL_CONVERSION = YES;
				CLANG_WARN_OBJC_ROOT_CLASS = YES_ERROR;
				CLANG_WARN_QUOTED_INCLUDE_IN_FRAMEWORK_HEADER = YES;
				CLANG_WARN_RANGE_LOOP_ANALYSIS = YES;
				CLANG_WARN_STRICT_PROTOTYPES = YES;
				CLANG_WARN_SUSPICIOUS_MOVE = YES;
				CLANG_WARN_UNGUARDED_AVAILABILITY = YES_AGGRESSIVE;
				CLANG_WARN_UNREACHABLE_CODE = YES;
				CLANG_WARN__DUPLICATE_METHOD_MATCH = YES;
				COPY_PHASE_STRIP = NO;
				DEBUG_INFORMATION_FORMAT = dwarf;
				ENABLE_STRICT_OBJC_MSGSEND = YES;
				ENABLE_TESTABILITY = YES;
				GCC_C_LANGUAGE_STANDARD = gnu11;
				GCC_DYNAMIC_NO_PIC = NO;
				GCC_NO_COMMON_BLOCKS = YES;
				GCC_OPTIMIZATION_LEVEL = 0;
				GCC_PREPROCESSOR_DEFINITIONS = (
					"DEBUG=1",
					"$(inherited)",
				);
				GCC_WARN_64_TO_32_BIT_CONVERSION = YES;
				GCC_WARN_ABOUT_RETURN_TYPE = YES_ERROR;
				GCC_WARN_UNDECLARED_SELECTOR = YES;
				GCC_WARN_UNINITIALIZED_AUTOS = YES_AGGRESSIVE;
				GCC_WARN_UNUSED_FUNCTION = YES;
				GCC_WARN_UNUSED_VARIABLE = YES;
				IPHONEOS_DEPLOYMENT_TARGET = 15.2;
				MTL_ENABLE_DEBUG_INFO = INCLUDE_SOURCE;
				MTL_FAST_MATH = YES;
				ONLY_ACTIVE_ARCH = YES;
				SDKROOT = iphoneos;
				SWIFT_ACTIVE_COMPILATION_CONDITIONS = DEBUG;
				SWIFT_OPTIMIZATION_LEVEL = "-Onone";
			};
			name = Debug;
		};
		04A90888297EC8AC008FBC31 /* Release */ = {
			isa = XCBuildConfiguration;
			buildSettings = {
				ALWAYS_SEARCH_USER_PATHS = NO;
				CLANG_ANALYZER_NONNULL = YES;
				CLANG_ANALYZER_NUMBER_OBJECT_CONVERSION = YES_AGGRESSIVE;
				CLANG_CXX_LANGUAGE_STANDARD = "gnu++17";
				CLANG_CXX_LIBRARY = "libc++";
				CLANG_ENABLE_MODULES = YES;
				CLANG_ENABLE_OBJC_ARC = YES;
				CLANG_ENABLE_OBJC_WEAK = YES;
				CLANG_WARN_BLOCK_CAPTURE_AUTORELEASING = YES;
				CLANG_WARN_BOOL_CONVERSION = YES;
				CLANG_WARN_COMMA = YES;
				CLANG_WARN_CONSTANT_CONVERSION = YES;
				CLANG_WARN_DEPRECATED_OBJC_IMPLEMENTATIONS = YES;
				CLANG_WARN_DIRECT_OBJC_ISA_USAGE = YES_ERROR;
				CLANG_WARN_DOCUMENTATION_COMMENTS = YES;
				CLANG_WARN_EMPTY_BODY = YES;
				CLANG_WARN_ENUM_CONVERSION = YES;
				CLANG_WARN_INFINITE_RECURSION = YES;
				CLANG_WARN_INT_CONVERSION = YES;
				CLANG_WARN_NON_LITERAL_NULL_CONVERSION = YES;
				CLANG_WARN_OBJC_IMPLICIT_RETAIN_SELF = YES;
				CLANG_WARN_OBJC_LITERAL_CONVERSION = YES;
				CLANG_WARN_OBJC_ROOT_CLASS = YES_ERROR;
				CLANG_WARN_QUOTED_INCLUDE_IN_FRAMEWORK_HEADER = YES;
				CLANG_WARN_RANGE_LOOP_ANALYSIS = YES;
				CLANG_WARN_STRICT_PROTOTYPES = YES;
				CLANG_WARN_SUSPICIOUS_MOVE = YES;
				CLANG_WARN_UNGUARDED_AVAILABILITY = YES_AGGRESSIVE;
				CLANG_WARN_UNREACHABLE_CODE = YES;
				CLANG_WARN__DUPLICATE_METHOD_MATCH = YES;
				COPY_PHASE_STRIP = NO;
				DEBUG_INFORMATION_FORMAT = "dwarf-with-dsym";
				ENABLE_NS_ASSERTIONS = NO;
				ENABLE_STRICT_OBJC_MSGSEND = YES;
				GCC_C_LANGUAGE_STANDARD = gnu11;
				GCC_NO_COMMON_BLOCKS = YES;
				GCC_WARN_64_TO_32_BIT_CONVERSION = YES;
				GCC_WARN_ABOUT_RETURN_TYPE = YES_ERROR;
				GCC_WARN_UNDECLARED_SELECTOR = YES;
				GCC_WARN_UNINITIALIZED_AUTOS = YES_AGGRESSIVE;
				GCC_WARN_UNUSED_FUNCTION = YES;
				GCC_WARN_UNUSED_VARIABLE = YES;
				IPHONEOS_DEPLOYMENT_TARGET = 15.2;
				MTL_ENABLE_DEBUG_INFO = NO;
				MTL_FAST_MATH = YES;
				SDKROOT = iphoneos;
				SWIFT_COMPILATION_MODE = wholemodule;
				SWIFT_OPTIMIZATION_LEVEL = "-O";
				VALIDATE_PRODUCT = YES;
			};
			name = Release;
		};
		04A9088A297EC8AC008FBC31 /* Debug */ = {
			isa = XCBuildConfiguration;
			buildSettings = {
				ASSETCATALOG_COMPILER_APPICON_NAME = AppIcon;
				ASSETCATALOG_COMPILER_GLOBAL_ACCENT_COLOR_NAME = AccentColor;
				CODE_SIGN_STYLE = Automatic;
				CURRENT_PROJECT_VERSION = 1;
				DEVELOPMENT_ASSET_PATHS = "\"Unsplash(no3Party)/Preview Content\"";
				DEVELOPMENT_TEAM = URXJ9G4DT3;
				ENABLE_PREVIEWS = YES;
				GENERATE_INFOPLIST_FILE = YES;
				INFOPLIST_KEY_UIApplicationSceneManifest_Generation = YES;
				INFOPLIST_KEY_UIApplicationSupportsIndirectInputEvents = YES;
				INFOPLIST_KEY_UILaunchScreen_Generation = YES;
				INFOPLIST_KEY_UISupportedInterfaceOrientations_iPad = "UIInterfaceOrientationPortrait UIInterfaceOrientationPortraitUpsideDown UIInterfaceOrientationLandscapeLeft UIInterfaceOrientationLandscapeRight";
				INFOPLIST_KEY_UISupportedInterfaceOrientations_iPhone = "UIInterfaceOrientationPortrait UIInterfaceOrientationLandscapeLeft UIInterfaceOrientationLandscapeRight";
				LD_RUNPATH_SEARCH_PATHS = (
					"$(inherited)",
					"@executable_path/Frameworks",
				);
				MARKETING_VERSION = 1.0;
				PRODUCT_BUNDLE_IDENTIFIER = "com.OvcharenkoDan.Unsplash-no3Party-";
				PRODUCT_NAME = "$(TARGET_NAME)";
				SWIFT_EMIT_LOC_STRINGS = YES;
				SWIFT_VERSION = 5.0;
				TARGETED_DEVICE_FAMILY = "1,2";
			};
			name = Debug;
		};
		04A9088B297EC8AC008FBC31 /* Release */ = {
			isa = XCBuildConfiguration;
			buildSettings = {
				ASSETCATALOG_COMPILER_APPICON_NAME = AppIcon;
				ASSETCATALOG_COMPILER_GLOBAL_ACCENT_COLOR_NAME = AccentColor;
				CODE_SIGN_STYLE = Automatic;
				CURRENT_PROJECT_VERSION = 1;
				DEVELOPMENT_ASSET_PATHS = "\"Unsplash(no3Party)/Preview Content\"";
				DEVELOPMENT_TEAM = URXJ9G4DT3;
				ENABLE_PREVIEWS = YES;
				GENERATE_INFOPLIST_FILE = YES;
				INFOPLIST_KEY_UIApplicationSceneManifest_Generation = YES;
				INFOPLIST_KEY_UIApplicationSupportsIndirectInputEvents = YES;
				INFOPLIST_KEY_UILaunchScreen_Generation = YES;
				INFOPLIST_KEY_UISupportedInterfaceOrientations_iPad = "UIInterfaceOrientationPortrait UIInterfaceOrientationPortraitUpsideDown UIInterfaceOrientationLandscapeLeft UIInterfaceOrientationLandscapeRight";
				INFOPLIST_KEY_UISupportedInterfaceOrientations_iPhone = "UIInterfaceOrientationPortrait UIInterfaceOrientationLandscapeLeft UIInterfaceOrientationLandscapeRight";
				LD_RUNPATH_SEARCH_PATHS = (
					"$(inherited)",
					"@executable_path/Frameworks",
				);
				MARKETING_VERSION = 1.0;
				PRODUCT_BUNDLE_IDENTIFIER = "com.OvcharenkoDan.Unsplash-no3Party-";
				PRODUCT_NAME = "$(TARGET_NAME)";
				SWIFT_EMIT_LOC_STRINGS = YES;
				SWIFT_VERSION = 5.0;
				TARGETED_DEVICE_FAMILY = "1,2";
			};
			name = Release;
		};
/* End XCBuildConfiguration section */

/* Begin XCConfigurationList section */
		04A90876297EC8A9008FBC31 /* Build configuration list for PBXProject "Unsplash(no3Party)" */ = {
			isa = XCConfigurationList;
			buildConfigurations = (
				04A90887297EC8AC008FBC31 /* Debug */,
				04A90888297EC8AC008FBC31 /* Release */,
			);
			defaultConfigurationIsVisible = 0;
			defaultConfigurationName = Release;
		};
		04A90889297EC8AC008FBC31 /* Build configuration list for PBXNativeTarget "Unsplash(no3Party)" */ = {
			isa = XCConfigurationList;
			buildConfigurations = (
				04A9088A297EC8AC008FBC31 /* Debug */,
				04A9088B297EC8AC008FBC31 /* Release */,
			);
			defaultConfigurationIsVisible = 0;
			defaultConfigurationName = Release;
		};
/* End XCConfigurationList section */
	};
	rootObject = 04A90873297EC8A9008FBC31 /* Project object */;
}
